
Microsoft Visual Studio Solution File, Format Version 12.00
# Visual Studio Version 16
VisualStudioVersion = 16.0.31105.61
MinimumVisualStudioVersion = 10.0.40219.1
Project("{FAE04EC0-301F-11D3-BF4B-00C04F79EFBC}") = "AIvsTwitch", "AIvsTwitch\AIvsTwitch.csproj", "{EBEA6525-6792-4655-9C47-C7BDA482D522}"
EndProject
Global
	GlobalSection(SolutionConfigurationPlatforms) = preSolution
		Debug|Any CPU = Debug|Any CPU
		Release|Any CPU = Release|Any CPU
	EndGlobalSection
	GlobalSection(ProjectConfigurationPlatforms) = postSolution
		{EBEA6525-6792-4655-9C47-C7BDA482D522}.Debug|Any CPU.ActiveCfg = Debug|Any CPU
		{EBEA6525-6792-4655-9C47-C7BDA482D522}.Debug|Any CPU.Build.0 = Debug|Any CPU
		{EBEA6525-6792-4655-9C47-C7BDA482D522}.Release|Any CPU.ActiveCfg = Release|Any CPU
		{EBEA6525-6792-4655-9C47-C7BDA482D522}.Release|Any CPU.Build.0 = Release|Any CPU
	EndGlobalSection
	GlobalSection(SolutionProperties) = preSolution
		HideSolutionNode = FALSE
	EndGlobalSection
	GlobalSection(ExtensibilityGlobals) = postSolution
		SolutionGuid = {79203177-003A-4C7C-8305-8C24D8302EC7}
	EndGlobalSection
EndGlobal
